
Microsoft Visual Studio Solution File, Format Version 12.00
# Visual Studio Version 16
VisualStudioVersion = 16.0.29001.49
MinimumVisualStudioVersion = 10.0.40219.1
Project("{FAE04EC0-301F-11D3-BF4B-00C04F79EFBC}") = "Hello World", "Hello World\Hello World.csproj", "{905CB3D2-D45A-4AB9-ACD8-18A59CFC5CBE}"
EndProject
Global
	GlobalSection(SolutionConfigurationPlatforms) = preSolution
		Debug|Any CPU = Debug|Any CPU
		Release|Any CPU = Release|Any CPU
	EndGlobalSection
	GlobalSection(ProjectConfigurationPlatforms) = postSolution
		{905CB3D2-D45A-4AB9-ACD8-18A59CFC5CBE}.Debug|Any CPU.ActiveCfg = Debug|Any CPU
		{905CB3D2-D45A-4AB9-ACD8-18A59CFC5CBE}.Debug|Any CPU.Build.0 = Debug|Any CPU
		{905CB3D2-D45A-4AB9-ACD8-18A59CFC5CBE}.Release|Any CPU.ActiveCfg = Release|Any CPU
		{905CB3D2-D45A-4AB9-ACD8-18A59CFC5CBE}.Release|Any CPU.Build.0 = Release|Any CPU
	EndGlobalSection
	GlobalSection(SolutionProperties) = preSolution
		HideSolutionNode = FALSE
	EndGlobalSection
	GlobalSection(ExtensibilityGlobals) = postSolution
		SolutionGuid = {1C398213-EA27-4372-9C20-CD39F9E60D05}
	EndGlobalSection
EndGlobal
